
Microsoft Visual Studio Solution File, Format Version 12.00
# Visual Studio Version 16
VisualStudioVersion = 16.0.30804.86
MinimumVisualStudioVersion = 10.0.40219.1
Project("{8BC9CEB8-8B4A-11D0-8D11-00A0C91BC942}") = "admission", "admission\admission.vcxproj", "{02B66B02-8E4D-4EF8-9D55-B8120D54C275}"
EndProject
Global
	GlobalSection(SolutionConfigurationPlatforms) = preSolution
		Debug|x64 = Debug|x64
		Debug|x86 = Debug|x86
		Release|x64 = Release|x64
		Release|x86 = Release|x86
	EndGlobalSection
	GlobalSection(ProjectConfigurationPlatforms) = postSolution
		{02B66B02-8E4D-4EF8-9D55-B8120D54C275}.Debug|x64.ActiveCfg = Debug|x64
		{02B66B02-8E4D-4EF8-9D55-B8120D54C275}.Debug|x64.Build.0 = Debug|x64
		{02B66B02-8E4D-4EF8-9D55-B8120D54C275}.Debug|x86.ActiveCfg = Debug|Win32
		{02B66B02-8E4D-4EF8-9D55-B8120D54C275}.Debug|x86.Build.0 = Debug|Win32
		{02B66B02-8E4D-4EF8-9D55-B8120D54C275}.Release|x64.ActiveCfg = Release|x64
		{02B66B02-8E4D-4EF8-9D55-B8120D54C275}.Release|x64.Build.0 = Release|x64
		{02B66B02-8E4D-4EF8-9D55-B8120D54C275}.Release|x86.ActiveCfg = Release|Win32
		{02B66B02-8E4D-4EF8-9D55-B8120D54C275}.Release|x86.Build.0 = Release|Win32
	EndGlobalSection
	GlobalSection(SolutionProperties) = preSolution
		HideSolutionNode = FALSE
	EndGlobalSection
	GlobalSection(ExtensibilityGlobals) = postSolution
		SolutionGuid = {17BEE7BF-E3FE-47E3-9ECC-74AC1B57EF83}
	EndGlobalSection
EndGlobal
